
Microsoft Visual Studio Solution File, Format Version 12.00
# Visual Studio Version 17
VisualStudioVersion = 17.0.32014.148
MinimumVisualStudioVersion = 10.0.40219.1
Project("{9A19103F-16F7-4668-BE54-9A1E7A4F7556}") = "Primeiro", "Primeiro\Primeiro.csproj", "{04F059F2-0172-4DBF-BE6B-B8EFF431E94B}"
EndProject
Project("{FAE04EC0-301F-11D3-BF4B-00C04F79EFBC}") = "PrimeiroTests", "PrimeiroTests\PrimeiroTests.csproj", "{0C2CD97B-DE67-4EA1-80E6-A00502BC4568}"
EndProject
Global
	GlobalSection(SolutionConfigurationPlatforms) = preSolution
		Debug|Any CPU = Debug|Any CPU
		Release|Any CPU = Release|Any CPU
	EndGlobalSection
	GlobalSection(ProjectConfigurationPlatforms) = postSolution
		{04F059F2-0172-4DBF-BE6B-B8EFF431E94B}.Debug|Any CPU.ActiveCfg = Debug|Any CPU
		{04F059F2-0172-4DBF-BE6B-B8EFF431E94B}.Debug|Any CPU.Build.0 = Debug|Any CPU
		{04F059F2-0172-4DBF-BE6B-B8EFF431E94B}.Release|Any CPU.ActiveCfg = Release|Any CPU
		{04F059F2-0172-4DBF-BE6B-B8EFF431E94B}.Release|Any CPU.Build.0 = Release|Any CPU
		{0C2CD97B-DE67-4EA1-80E6-A00502BC4568}.Debug|Any CPU.ActiveCfg = Debug|Any CPU
		{0C2CD97B-DE67-4EA1-80E6-A00502BC4568}.Debug|Any CPU.Build.0 = Debug|Any CPU
		{0C2CD97B-DE67-4EA1-80E6-A00502BC4568}.Release|Any CPU.ActiveCfg = Release|Any CPU
		{0C2CD97B-DE67-4EA1-80E6-A00502BC4568}.Release|Any CPU.Build.0 = Release|Any CPU
	EndGlobalSection
	GlobalSection(SolutionProperties) = preSolution
		HideSolutionNode = FALSE
	EndGlobalSection
	GlobalSection(ExtensibilityGlobals) = postSolution
		SolutionGuid = {C5796380-45B4-425B-9543-5E3CC2EF3781}
	EndGlobalSection
EndGlobal
